
Microsoft Visual Studio Solution File, Format Version 12.00
# Visual Studio Version 17
VisualStudioVersion = 17.11.35303.130
MinimumVisualStudioVersion = 10.0.40219.1
Project("{FAE04EC0-301F-11D3-BF4B-00C04F79EFBC}") = "WpfApp3", "WpfApp3.csproj", "{EEC4E888-4F37-441B-AA80-42BCCFBD571E}"
EndProject
Global
	GlobalSection(SolutionConfigurationPlatforms) = preSolution
		Debug|Any CPU = Debug|Any CPU
		Release|Any CPU = Release|Any CPU
	EndGlobalSection
	GlobalSection(ProjectConfigurationPlatforms) = postSolution
		{EEC4E888-4F37-441B-AA80-42BCCFBD571E}.Debug|Any CPU.ActiveCfg = Debug|Any CPU
		{EEC4E888-4F37-441B-AA80-42BCCFBD571E}.Debug|Any CPU.Build.0 = Debug|Any CPU
		{EEC4E888-4F37-441B-AA80-42BCCFBD571E}.Release|Any CPU.ActiveCfg = Release|Any CPU
		{EEC4E888-4F37-441B-AA80-42BCCFBD571E}.Release|Any CPU.Build.0 = Release|Any CPU
	EndGlobalSection
	GlobalSection(SolutionProperties) = preSolution
		HideSolutionNode = FALSE
	EndGlobalSection
	GlobalSection(ExtensibilityGlobals) = postSolution
		SolutionGuid = {00C48E3E-F090-4F24-8A18-EBE583850160}
	EndGlobalSection
EndGlobal
